{
  "name": "rc-receiver",
  "version": "1.0.0",
  "lockfileVersion": 1,
  "requires": true,
  "dependencies": {
    "airsocket": {
      "version": "0.0.7",
      "resolved": "https://registry.npmjs.org/airsocket/-/airsocket-0.0.7.tgz",
      "integrity": "sha1-QNjYpGE32VMuU2cS/Mo9HZdkjzs=",
      "requires": {
        "goertzeljs": "=3.0.3",
        "soundrive": "=0.1.0",
        "webworkify": "^1.2.1"
      }
    },
    "audio-context": {
      "version": "1.0.3",
      "resolved": "https://registry.npmjs.org/audio-context/-/audio-context-1.0.3.tgz",
      "integrity": "sha512-RH3/rM74f2ITlohhjgC7oYZVS97wtv/SEjXLCzEinnrIPIDxc39m2aFc6wmdkM0NYRKo1DMleYPMAIbnTRW0eA=="
    },
    "audio-network": {
      "version": "1.3.2",
      "resolved": "https://registry.npmjs.org/audio-network/-/audio-network-1.3.2.tgz",
      "integrity": "sha512-ETGX904K/Pyh09/CLFW44z1bDfReZQc19owdQ74AQiTU/8ofppQpSqiVav9cv5x7/r2HBfh3d3dqWunQF4uQRw=="
    },
    "getusermedia": {
      "version": "2.0.1",
      "resolved": "https://registry.npmjs.org/getusermedia/-/getusermedia-2.0.1.tgz",
      "integrity": "sha1-+Br5eVvFk0ZJgT99CS3WUDCzRlU=",
      "requires": {
        "webrtc-adapter": "^2.0.2"
      }
    },
    "goertzeljs": {
      "version": "3.0.3",
      "resolved": "https://registry.npmjs.org/goertzeljs/-/goertzeljs-3.0.3.tgz",
      "integrity": "sha1-NcEDu0RSa9BQagZh1NNbuAYLXtw="
    },
    "sdp": {
      "version": "1.5.4",
      "resolved": "https://registry.npmjs.org/sdp/-/sdp-1.5.4.tgz",
      "integrity": "sha1-jgOPbdsUvXZa4fS1IW4SCUUR4NA="
    },
    "soundrive": {
      "version": "0.1.0",
      "resolved": "https://registry.npmjs.org/soundrive/-/soundrive-0.1.0.tgz",
      "integrity": "sha1-+k7fVaKDS9MVtEoSXGPJBHncsnQ="
    },
    "webrtc-adapter": {
      "version": "2.1.0",
      "resolved": "https://registry.npmjs.org/webrtc-adapter/-/webrtc-adapter-2.1.0.tgz",
      "integrity": "sha1-YStbxs6Oc8nQZgA4oh+SVahnvz4=",
      "requires": {
        "sdp": "^1.0.0"
      }
    },
    "webworkify": {
      "version": "1.5.0",
      "resolved": "https://registry.npmjs.org/webworkify/-/webworkify-1.5.0.tgz",
      "integrity": "sha512-AMcUeyXAhbACL8S2hqqdqOLqvJ8ylmIbNwUIqQujRSouf4+eUFaXbG6F1Rbu+srlJMmxQWsiU7mOJi0nMBfM1g=="
    }
  }
}
